
Microsoft Visual Studio Solution File, Format Version 12.00
# Visual Studio Version 16
VisualStudioVersion = 16.0.30011.22
MinimumVisualStudioVersion = 10.0.40219.1
Project("{FAE04EC0-301F-11D3-BF4B-00C04F79EFBC}") = "oldDadApp", "oldDadApp\oldDadApp.csproj", "{32286C98-A2AF-4E3F-9EB0-FC4F7A675BA7}"
EndProject
Project("{151D2E53-A2C4-4D7D-83FE-D05416EBD58E}") = "myDeployVM", "myDeployVM\myDeployVM.deployproj", "{76BE8395-F72C-426F-996B-94DDE8CA0E5A}"
EndProject
Global
	GlobalSection(SolutionConfigurationPlatforms) = preSolution
		Debug|Any CPU = Debug|Any CPU
		Release|Any CPU = Release|Any CPU
	EndGlobalSection
	GlobalSection(ProjectConfigurationPlatforms) = postSolution
		{32286C98-A2AF-4E3F-9EB0-FC4F7A675BA7}.Debug|Any CPU.ActiveCfg = Debug|Any CPU
		{32286C98-A2AF-4E3F-9EB0-FC4F7A675BA7}.Debug|Any CPU.Build.0 = Debug|Any CPU
		{32286C98-A2AF-4E3F-9EB0-FC4F7A675BA7}.Release|Any CPU.ActiveCfg = Release|Any CPU
		{32286C98-A2AF-4E3F-9EB0-FC4F7A675BA7}.Release|Any CPU.Build.0 = Release|Any CPU
		{76BE8395-F72C-426F-996B-94DDE8CA0E5A}.Debug|Any CPU.ActiveCfg = Debug|Any CPU
		{76BE8395-F72C-426F-996B-94DDE8CA0E5A}.Debug|Any CPU.Build.0 = Debug|Any CPU
		{76BE8395-F72C-426F-996B-94DDE8CA0E5A}.Release|Any CPU.ActiveCfg = Release|Any CPU
		{76BE8395-F72C-426F-996B-94DDE8CA0E5A}.Release|Any CPU.Build.0 = Release|Any CPU
	EndGlobalSection
	GlobalSection(SolutionProperties) = preSolution
		HideSolutionNode = FALSE
	EndGlobalSection
	GlobalSection(ExtensibilityGlobals) = postSolution
		SolutionGuid = {7B20F7E7-71D6-4C25-AFF3-0EED9667647A}
	EndGlobalSection
EndGlobal
